
Microsoft Visual Studio Solution File, Format Version 12.00
# Visual Studio 2013
VisualStudioVersion = 12.0.30723.0
MinimumVisualStudioVersion = 10.0.40219.1
Project("{FAE04EC0-301F-11D3-BF4B-00C04F79EFBC}") = "PiperFiltersExample", "PiperFiltersExample\PiperFiltersExample.csproj", "{88DBC8A5-8348-482F-BFC9-C73F1BABF7CE}"
EndProject
Project("{2150E333-8FDC-42A3-9474-1A3956D46DE8}") = "CarFactoryExample", "CarFactoryExample", "{547A7252-2E1D-4710-BE02-EADCEFCC3112}"
EndProject
Global
	GlobalSection(SolutionConfigurationPlatforms) = preSolution
		Debug|Any CPU = Debug|Any CPU
		Release|Any CPU = Release|Any CPU
	EndGlobalSection
	GlobalSection(ProjectConfigurationPlatforms) = postSolution
		{88DBC8A5-8348-482F-BFC9-C73F1BABF7CE}.Debug|Any CPU.ActiveCfg = Debug|Any CPU
		{88DBC8A5-8348-482F-BFC9-C73F1BABF7CE}.Debug|Any CPU.Build.0 = Debug|Any CPU
		{88DBC8A5-8348-482F-BFC9-C73F1BABF7CE}.Release|Any CPU.ActiveCfg = Release|Any CPU
		{88DBC8A5-8348-482F-BFC9-C73F1BABF7CE}.Release|Any CPU.Build.0 = Release|Any CPU
	EndGlobalSection
	GlobalSection(SolutionProperties) = preSolution
		HideSolutionNode = FALSE
	EndGlobalSection
	GlobalSection(NestedProjects) = preSolution
		{88DBC8A5-8348-482F-BFC9-C73F1BABF7CE} = {547A7252-2E1D-4710-BE02-EADCEFCC3112}
	EndGlobalSection
EndGlobal
